// !$*UTF8*$!
{
	archiveVersion = 1;
	classes = {
	};
	objectVersion = 46;
	objects = {

/* Begin PBXBuildFile section */
		0F9CBA0589A46E04E8F94E46 /* Pods_Star_Wars.framework in Frameworks */ = {isa = PBXBuildFile; fileRef = 04928979360C631DAACA390C /* Pods_Star_Wars.framework */; };
		5ACF89311EEE1E0C0062554C /* AppDelegate.swift in Sources */ = {isa = PBXBuildFile; fileRef = 5ACF89301EEE1E0C0062554C /* AppDelegate.swift */; };
		5ACF89331EEE1E0C0062554C /* ViewController.swift in Sources */ = {isa = PBXBuildFile; fileRef = 5ACF89321EEE1E0C0062554C /* ViewController.swift */; };
		5ACF89361EEE1E0C0062554C /* Main.storyboard in Resources */ = {isa = PBXBuildFile; fileRef = 5ACF89341EEE1E0C0062554C /* Main.storyboard */; };
		5ACF89381EEE1E0C0062554C /* Assets.xcassets in Resources */ = {isa = PBXBuildFile; fileRef = 5ACF89371EEE1E0C0062554C /* Assets.xcassets */; };
		5ACF893B1EEE1E0C0062554C /* LaunchScreen.storyboard in Resources */ = {isa = PBXBuildFile; fileRef = 5ACF89391EEE1E0C0062554C /* LaunchScreen.storyboard */; };
		5ACF89431EEE21AC0062554C /* NetworkingService.swift in Sources */ = {isa = PBXBuildFile; fileRef = 5ACF89421EEE21AC0062554C /* NetworkingService.swift */; };
		5ACF89451EEE23F70062554C /* GetPeopleResponse.swift in Sources */ = {isa = PBXBuildFile; fileRef = 5ACF89441EEE23F70062554C /* GetPeopleResponse.swift */; };
		5ACF89471EEE24850062554C /* NetworkingError.swift in Sources */ = {isa = PBXBuildFile; fileRef = 5ACF89461EEE24850062554C /* NetworkingError.swift */; };
		5ACF89491EEE24E50062554C /* Person.swift in Sources */ = {isa = PBXBuildFile; fileRef = 5ACF89481EEE24E50062554C /* Person.swift */; };
		5ACF894B1EEE2B340062554C /* DetailsVC.swift in Sources */ = {isa = PBXBuildFile; fileRef = 5ACF894A1EEE2B340062554C /* DetailsVC.swift */; };
/* End PBXBuildFile section */

/* Begin PBXFileReference section */
		04928979360C631DAACA390C /* Pods_Star_Wars.framework */ = {isa = PBXFileReference; explicitFileType = wrapper.framework; includeInIndex = 0; path = Pods_Star_Wars.framework; sourceTree = BUILT_PRODUCTS_DIR; };
		0FB1ED195FB5883BEC1E9437 /* Pods-Star Wars.debug.xcconfig */ = {isa = PBXFileReference; includeInIndex = 1; lastKnownFileType = text.xcconfig; name = "Pods-Star Wars.debug.xcconfig"; path = "Pods/Target Support Files/Pods-Star Wars/Pods-Star Wars.debug.xcconfig"; sourceTree = "<group>"; };
		5ACF892D1EEE1E0C0062554C /* Star Wars.app */ = {isa = PBXFileReference; explicitFileType = wrapper.application; includeInIndex = 0; path = "Star Wars.app"; sourceTree = BUILT_PRODUCTS_DIR; };
		5ACF89301EEE1E0C0062554C /* AppDelegate.swift */ = {isa = PBXFileReference; lastKnownFileType = sourcecode.swift; path = AppDelegate.swift; sourceTree = "<group>"; };
		5ACF89321EEE1E0C0062554C /* ViewController.swift */ = {isa = PBXFileReference; lastKnownFileType = sourcecode.swift; path = ViewController.swift; sourceTree = "<group>"; };
		5ACF89351EEE1E0C0062554C /* Base */ = {isa = PBXFileReference; lastKnownFileType = file.storyboard; name = Base; path = Base.lproj/Main.storyboard; sourceTree = "<group>"; };
		5ACF89371EEE1E0C0062554C /* Assets.xcassets */ = {isa = PBXFileReference; lastKnownFileType = folder.assetcatalog; path = Assets.xcassets; sourceTree = "<group>"; };
		5ACF893A1EEE1E0C0062554C /* Base */ = {isa = PBXFileReference; lastKnownFileType = file.storyboard; name = Base; path = Base.lproj/LaunchScreen.storyboard; sourceTree = "<group>"; };
		5ACF893C1EEE1E0C0062554C /* Info.plist */ = {isa = PBXFileReference; lastKnownFileType = text.plist.xml; path = Info.plist; sourceTree = "<group>"; };
		5ACF89421EEE21AC0062554C /* NetworkingService.swift */ = {isa = PBXFileReference; fileEncoding = 4; lastKnownFileType = sourcecode.swift; path = NetworkingService.swift; sourceTree = "<group>"; };
		5ACF89441EEE23F70062554C /* GetPeopleResponse.swift */ = {isa = PBXFileReference; fileEncoding = 4; lastKnownFileType = sourcecode.swift; path = GetPeopleResponse.swift; sourceTree = "<group>"; };
		5ACF89461EEE24850062554C /* NetworkingError.swift */ = {isa = PBXFileReference; fileEncoding = 4; lastKnownFileType = sourcecode.swift; path = NetworkingError.swift; sourceTree = "<group>"; };
		5ACF89481EEE24E50062554C /* Person.swift */ = {isa = PBXFileReference; fileEncoding = 4; lastKnownFileType = sourcecode.swift; path = Person.swift; sourceTree = "<group>"; };
		5ACF894A1EEE2B340062554C /* DetailsVC.swift */ = {isa = PBXFileReference; fileEncoding = 4; lastKnownFileType = sourcecode.swift; path = DetailsVC.swift; sourceTree = "<group>"; };
		94A579BB22C332872D1B0CFA /* Pods-Star Wars.release.xcconfig */ = {isa = PBXFileReference; includeInIndex = 1; lastKnownFileType = text.xcconfig; name = "Pods-Star Wars.release.xcconfig"; path = "Pods/Target Support Files/Pods-Star Wars/Pods-Star Wars.release.xcconfig"; sourceTree = "<group>"; };
/* End PBXFileReference section */

/* Begin PBXFrameworksBuildPhase section */
		5ACF892A1EEE1E0C0062554C /* Frameworks */ = {
			isa = PBXFrameworksBuildPhase;
			buildActionMask = 2147483647;
			files = (
				0F9CBA0589A46E04E8F94E46 /* Pods_Star_Wars.framework in Frameworks */,
			);
			runOnlyForDeploymentPostprocessing = 0;
		};
/* End PBXFrameworksBuildPhase section */

/* Begin PBXGroup section */
		0E9853A860CF1D2DF2BCB941 /* Pods */ = {
			isa = PBXGroup;
			children = (
				0FB1ED195FB5883BEC1E9437 /* Pods-Star Wars.debug.xcconfig */,
				94A579BB22C332872D1B0CFA /* Pods-Star Wars.release.xcconfig */,
			);
			name = Pods;
			sourceTree = "<group>";
		};
		2D971170CE5592D80DBDE8E6 /* Frameworks */ = {
			isa = PBXGroup;
			children = (
				04928979360C631DAACA390C /* Pods_Star_Wars.framework */,
			);
			name = Frameworks;
			sourceTree = "<group>";
		};
		5ACF89241EEE1E0C0062554C = {
			isa = PBXGroup;
			children = (
				5ACF892F1EEE1E0C0062554C /* Star Wars */,
				5ACF892E1EEE1E0C0062554C /* Products */,
				0E9853A860CF1D2DF2BCB941 /* Pods */,
				2D971170CE5592D80DBDE8E6 /* Frameworks */,
			);
			sourceTree = "<group>";
		};
		5ACF892E1EEE1E0C0062554C /* Products */ = {
			isa = PBXGroup;
			children = (
				5ACF892D1EEE1E0C0062554C /* Star Wars.app */,
			);
			name = Products;
			sourceTree = "<group>";
		};
		5ACF892F1EEE1E0C0062554C /* Star Wars */ = {
			isa = PBXGroup;
			children = (
				5ACF89301EEE1E0C0062554C /* AppDelegate.swift */,
				5ACF89321EEE1E0C0062554C /* ViewController.swift */,
				5ACF894A1EEE2B340062554C /* DetailsVC.swift */,
				5ACF89441EEE23F70062554C /* GetPeopleResponse.swift */,
				5ACF89461EEE24850062554C /* NetworkingError.swift */,
				5ACF89481EEE24E50062554C /* Person.swift */,
				5ACF89341EEE1E0C0062554C /* Main.storyboard */,
				5ACF89371EEE1E0C0062554C /* Assets.xcassets */,
				5ACF89391EEE1E0C0062554C /* LaunchScreen.storyboard */,
				5ACF893C1EEE1E0C0062554C /* Info.plist */,
				5ACF89421EEE21AC0062554C /* NetworkingService.swift */,
			);
			path = "Star Wars";
			sourceTree = "<group>";
		};
/* End PBXGroup section */

/* Begin PBXNativeTarget section */
		5ACF892C1EEE1E0C0062554C /* Star Wars */ = {
			isa = PBXNativeTarget;
			buildConfigurationList = 5ACF893F1EEE1E0C0062554C /* Build configuration list for PBXNativeTarget "Star Wars" */;
			buildPhases = (
				C62DC23610AA7798A5DF890C /* [CP] Check Pods Manifest.lock */,
				5ACF89291EEE1E0C0062554C /* Sources */,
				5ACF892A1EEE1E0C0062554C /* Frameworks */,
				5ACF892B1EEE1E0C0062554C /* Resources */,
				2C7686DDEBD40946A8112DC5 /* [CP] Embed Pods Frameworks */,
				974547CA9E5262BC55E23779 /* [CP] Copy Pods Resources */,
			);
			buildRules = (
			);
			dependencies = (
			);
			name = "Star Wars";
			productName = "Star Wars";
			productReference = 5ACF892D1EEE1E0C0062554C /* Star Wars.app */;
			productType = "com.apple.product-type.application";
		};
/* End PBXNativeTarget section */

/* Begin PBXProject section */
		5ACF89251EEE1E0C0062554C /* Project object */ = {
			isa = PBXProject;
			attributes = {
				LastSwiftUpdateCheck = 0820;
				LastUpgradeCheck = 0820;
				ORGANIZATIONNAME = "Kyle Lee";
				TargetAttributes = {
					5ACF892C1EEE1E0C0062554C = {
						CreatedOnToolsVersion = 8.2.1;
						DevelopmentTeam = 5K99777NES;
						ProvisioningStyle = Automatic;
					};
				};
			};
			buildConfigurationList = 5ACF89281EEE1E0C0062554C /* Build configuration list for PBXProject "Star Wars" */;
			compatibilityVersion = "Xcode 3.2";
			developmentRegion = English;
			hasScannedForEncodings = 0;
			knownRegions = (
				en,
				Base,
			);
			mainGroup = 5ACF89241EEE1E0C0062554C;
			productRefGroup = 5ACF892E1EEE1E0C0062554C /* Products */;
			projectDirPath = "";
			projectRoot = "";
			targets = (
				5ACF892C1EEE1E0C0062554C /* Star Wars */,
			);
		};
/* End PBXProject section */

/* Begin PBXResourcesBuildPhase section */
		5ACF892B1EEE1E0C0062554C /* Resources */ = {
			isa = PBXResourcesBuildPhase;
			buildActionMask = 2147483647;
			files = (
				5ACF893B1EEE1E0C0062554C /* LaunchScreen.storyboard in Resources */,
				5ACF89381EEE1E0C0062554C /* Assets.xcassets in Resources */,
				5ACF89361EEE1E0C0062554C /* Main.storyboard in Resources */,
			);
			runOnlyForDeploymentPostprocessing = 0;
		};
/* End PBXResourcesBuildPhase section */

/* Begin PBXShellScriptBuildPhase section */
		2C7686DDEBD40946A8112DC5 /* [CP] Embed Pods Frameworks */ = {
			isa = PBXShellScriptBuildPhase;
			buildActionMask = 2147483647;
			files = (
			);
			inputPaths = (
			);
			name = "[CP] Embed Pods Frameworks";
			outputPaths = (
			);
			runOnlyForDeploymentPostprocessing = 0;
			shellPath = /bin/sh;
			shellScript = "\"${SRCROOT}/Pods/Target Support Files/Pods-Star Wars/Pods-Star Wars-frameworks.sh\"\n";
			showEnvVarsInLog = 0;
		};
		974547CA9E5262BC55E23779 /* [CP] Copy Pods Resources */ = {
			isa = PBXShellScriptBuildPhase;
			buildActionMask = 2147483647;
			files = (
			);
			inputPaths = (
			);
			name = "[CP] Copy Pods Resources";
			outputPaths = (
			);
			runOnlyForDeploymentPostprocessing = 0;
			shellPath = /bin/sh;
			shellScript = "\"${SRCROOT}/Pods/Target Support Files/Pods-Star Wars/Pods-Star Wars-resources.sh\"\n";
			showEnvVarsInLog = 0;
		};
		C62DC23610AA7798A5DF890C /* [CP] Check Pods Manifest.lock */ = {
			isa = PBXShellScriptBuildPhase;
			buildActionMask = 2147483647;
			files = (
			);
			inputPaths = (
			);
			name = "[CP] Check Pods Manifest.lock";
			outputPaths = (
			);
			runOnlyForDeploymentPostprocessing = 0;
			shellPath = /bin/sh;
			shellScript = "diff \"${PODS_ROOT}/../Podfile.lock\" \"${PODS_ROOT}/Manifest.lock\" > /dev/null\nif [ $? != 0 ] ; then\n    # print error to STDERR\n    echo \"error: The sandbox is not in sync with the Podfile.lock. Run 'pod install' or update your CocoaPods installation.\" >&2\n    exit 1\nfi\n";
			showEnvVarsInLog = 0;
		};
/* End PBXShellScriptBuildPhase section */

/* Begin PBXSourcesBuildPhase section */
		5ACF89291EEE1E0C0062554C /* Sources */ = {
			isa = PBXSourcesBuildPhase;
			buildActionMask = 2147483647;
			files = (
				5ACF89491EEE24E50062554C /* Person.swift in Sources */,
				5ACF89431EEE21AC0062554C /* NetworkingService.swift in Sources */,
				5ACF89331EEE1E0C0062554C /* ViewController.swift in Sources */,
				5ACF89451EEE23F70062554C /* GetPeopleResponse.swift in Sources */,
				5ACF894B1EEE2B340062554C /* DetailsVC.swift in Sources */,
				5ACF89311EEE1E0C0062554C /* AppDelegate.swift in Sources */,
				5ACF89471EEE24850062554C /* NetworkingError.swift in Sources */,
			);
			runOnlyForDeploymentPostprocessing = 0;
		};
/* End PBXSourcesBuildPhase section */

/* Begin PBXVariantGroup section */
		5ACF89341EEE1E0C0062554C /* Main.storyboard */ = {
			isa = PBXVariantGroup;
			children = (
				5ACF89351EEE1E0C0062554C /* Base */,
			);
			name = Main.storyboard;
			sourceTree = "<group>";
		};
		5ACF89391EEE1E0C0062554C /* LaunchScreen.storyboard */ = {
			isa = PBXVariantGroup;
			children = (
				5ACF893A1EEE1E0C0062554C /* Base */,
			);
			name = LaunchScreen.storyboard;
			sourceTree = "<group>";
		};
/* End PBXVariantGroup section */

/* Begin XCBuildConfiguration section */
		5ACF893D1EEE1E0C0062554C /* Debug */ = {
			isa = XCBuildConfiguration;
			buildSettings = {
				ALWAYS_SEARCH_USER_PATHS = NO;
				CLANG_ANALYZER_NONNULL = YES;
				CLANG_CXX_LANGUAGE_STANDARD = "gnu++0x";
				CLANG_CXX_LIBRARY = "libc++";
				CLANG_ENABLE_MODULES = YES;
				CLANG_ENABLE_OBJC_ARC = YES;
				CLANG_WARN_BOOL_CONVERSION = YES;
				CLANG_WARN_CONSTANT_CONVERSION = YES;
				CLANG_WARN_DIRECT_OBJC_ISA_USAGE = YES_ERROR;
				CLANG_WARN_DOCUMENTATION_COMMENTS = YES;
				CLANG_WARN_EMPTY_BODY = YES;
				CLANG_WARN_ENUM_CONVERSION = YES;
				CLANG_WARN_INFINITE_RECURSION = YES;
				CLANG_WARN_INT_CONVERSION = YES;
				CLANG_WARN_OBJC_ROOT_CLASS = YES_ERROR;
				CLANG_WARN_SUSPICIOUS_MOVE = YES;
				CLANG_WARN_UNREACHABLE_CODE = YES;
				CLANG_WARN__DUPLICATE_METHOD_MATCH = YES;
				"CODE_SIGN_IDENTITY[sdk=iphoneos*]" = "iPhone Developer";
				COPY_PHASE_STRIP = NO;
				DEBUG_INFORMATION_FORMAT = dwarf;
				ENABLE_STRICT_OBJC_MSGSEND = YES;
				ENABLE_TESTABILITY = YES;
				GCC_C_LANGUAGE_STANDARD = gnu99;
				GCC_DYNAMIC_NO_PIC = NO;
				GCC_NO_COMMON_BLOCKS = YES;
				GCC_OPTIMIZATION_LEVEL = 0;
				GCC_PREPROCESSOR_DEFINITIONS = (
					"DEBUG=1",
					"$(inherited)",
				);
				GCC_WARN_64_TO_32_BIT_CONVERSION = YES;
				GCC_WARN_ABOUT_RETURN_TYPE = YES_ERROR;
				GCC_WARN_UNDECLARED_SELECTOR = YES;
				GCC_WARN_UNINITIALIZED_AUTOS = YES_AGGRESSIVE;
				GCC_WARN_UNUSED_FUNCTION = YES;
				GCC_WARN_UNUSED_VARIABLE = YES;
				IPHONEOS_DEPLOYMENT_TARGET = 10.2;
				MTL_ENABLE_DEBUG_INFO = YES;
				ONLY_ACTIVE_ARCH = YES;
				SDKROOT = iphoneos;
				SWIFT_ACTIVE_COMPILATION_CONDITIONS = DEBUG;
				SWIFT_OPTIMIZATION_LEVEL = "-Onone";
				TARGETED_DEVICE_FAMILY = "1,2";
			};
			name = Debug;
		};
		5ACF893E1EEE1E0C0062554C /* Release */ = {
			isa = XCBuildConfiguration;
			buildSettings = {
				ALWAYS_SEARCH_USER_PATHS = NO;
				CLANG_ANALYZER_NONNULL = YES;
				CLANG_CXX_LANGUAGE_STANDARD = "gnu++0x";
				CLANG_CXX_LIBRARY = "libc++";
				CLANG_ENABLE_MODULES = YES;
				CLANG_ENABLE_OBJC_ARC = YES;
				CLANG_WARN_BOOL_CONVERSION = YES;
				CLANG_WARN_CONSTANT_CONVERSION = YES;
				CLANG_WARN_DIRECT_OBJC_ISA_USAGE = YES_ERROR;
				CLANG_WARN_DOCUMENTATION_COMMENTS = YES;
				CLANG_WARN_EMPTY_BODY = YES;
				CLANG_WARN_ENUM_CONVERSION = YES;
				CLANG_WARN_INFINITE_RECURSION = YES;
				CLANG_WARN_INT_CONVERSION = YES;
				CLANG_WARN_OBJC_ROOT_CLASS = YES_ERROR;
				CLANG_WARN_SUSPICIOUS_MOVE = YES;
				CLANG_WARN_UNREACHABLE_CODE = YES;
				CLANG_WARN__DUPLICATE_METHOD_MATCH = YES;
				"CODE_SIGN_IDENTITY[sdk=iphoneos*]" = "iPhone Developer";
				COPY_PHASE_STRIP = NO;
				DEBUG_INFORMATION_FORMAT = "dwarf-with-dsym";
				ENABLE_NS_ASSERTIONS = NO;
				ENABLE_STRICT_OBJC_MSGSEND = YES;
				GCC_C_LANGUAGE_STANDARD = gnu99;
				GCC_NO_COMMON_BLOCKS = YES;
				GCC_WARN_64_TO_32_BIT_CONVERSION = YES;
				GCC_WARN_ABOUT_RETURN_TYPE = YES_ERROR;
				GCC_WARN_UNDECLARED_SELECTOR = YES;
				GCC_WARN_UNINITIALIZED_AUTOS = YES_AGGRESSIVE;
				GCC_WARN_UNUSED_FUNCTION = YES;
				GCC_WARN_UNUSED_VARIABLE = YES;
				IPHONEOS_DEPLOYMENT_TARGET = 10.2;
				MTL_ENABLE_DEBUG_INFO = NO;
				SDKROOT = iphoneos;
				SWIFT_OPTIMIZATION_LEVEL = "-Owholemodule";
				TARGETED_DEVICE_FAMILY = "1,2";
				VALIDATE_PRODUCT = YES;
			};
			name = Release;
		};
		5ACF89401EEE1E0C0062554C /* Debug */ = {
			isa = XCBuildConfiguration;
			baseConfigurationReference = 0FB1ED195FB5883BEC1E9437 /* Pods-Star Wars.debug.xcconfig */;
			buildSettings = {
				ASSETCATALOG_COMPILER_APPICON_NAME = AppIcon;
				DEVELOPMENT_TEAM = 5K99777NES;
				INFOPLIST_FILE = "Star Wars/Info.plist";
				LD_RUNPATH_SEARCH_PATHS = "$(inherited) @executable_path/Frameworks";
				PRODUCT_BUNDLE_IDENTIFIER = "com.kiloloco.Star-Wars";
				PRODUCT_NAME = "$(TARGET_NAME)";
				SWIFT_VERSION = 3.0;
			};
			name = Debug;
		};
		5ACF89411EEE1E0C0062554C /* Release */ = {
			isa = XCBuildConfiguration;
			baseConfigurationReference = 94A579BB22C332872D1B0CFA /* Pods-Star Wars.release.xcconfig */;
			buildSettings = {
				ASSETCATALOG_COMPILER_APPICON_NAME = AppIcon;
				DEVELOPMENT_TEAM = 5K99777NES;
				INFOPLIST_FILE = "Star Wars/Info.plist";
				LD_RUNPATH_SEARCH_PATHS = "$(inherited) @executable_path/Frameworks";
				PRODUCT_BUNDLE_IDENTIFIER = "com.kiloloco.Star-Wars";
				PRODUCT_NAME = "$(TARGET_NAME)";
				SWIFT_VERSION = 3.0;
			};
			name = Release;
		};
/* End XCBuildConfiguration section */

/* Begin XCConfigurationList section */
		5ACF89281EEE1E0C0062554C /* Build configuration list for PBXProject "Star Wars" */ = {
			isa = XCConfigurationList;
			buildConfigurations = (
				5ACF893D1EEE1E0C0062554C /* Debug */,
				5ACF893E1EEE1E0C0062554C /* Release */,
			);
			defaultConfigurationIsVisible = 0;
			defaultConfigurationName = Release;
		};
		5ACF893F1EEE1E0C0062554C /* Build configuration list for PBXNativeTarget "Star Wars" */ = {
			isa = XCConfigurationList;
			buildConfigurations = (
				5ACF89401EEE1E0C0062554C /* Debug */,
				5ACF89411EEE1E0C0062554C /* Release */,
			);
			defaultConfigurationIsVisible = 0;
			defaultConfigurationName = Release;
		};
/* End XCConfigurationList section */
	};
	rootObject = 5ACF89251EEE1E0C0062554C /* Project object */;
}
